
Microsoft Visual Studio Solution File, Format Version 12.00
# Visual Studio 15
VisualStudioVersion = 15.0.28307.705
MinimumVisualStudioVersion = 10.0.40219.1
Project("{FAE04EC0-301F-11D3-BF4B-00C04F79EFBC}") = "SistemaCadastro", "SistemaCadastro\SistemaCadastro.csproj", "{8425A3A5-AF8D-45C8-A0D4-75816EBE2BD2}"
EndProject
Project("{FAE04EC0-301F-11D3-BF4B-00C04F79EFBC}") = "CLRegras", "CLRegras\CLRegras.csproj", "{4EC94259-3ACB-4076-B0BA-330AB062FC86}"
EndProject
Project("{FAE04EC0-301F-11D3-BF4B-00C04F79EFBC}") = "ClData", "ClData\ClData.csproj", "{7ADDDC44-DC7D-4ECA-AEAA-C11CCFDA2DA2}"
EndProject
Project("{FAE04EC0-301F-11D3-BF4B-00C04F79EFBC}") = "WebCad", "WebCad\WebCad.csproj", "{C29C36B8-B68A-4BE0-831A-41163400286D}"
EndProject
Project("{FAE04EC0-301F-11D3-BF4B-00C04F79EFBC}") = "ClEntidades", "ClEntidades\ClEntidades.csproj", "{1056F476-90AE-4BC2-9F8C-E612782FA029}"
EndProject
Global
	GlobalSection(SolutionConfigurationPlatforms) = preSolution
		Debug|Any CPU = Debug|Any CPU
		Release|Any CPU = Release|Any CPU
	EndGlobalSection
	GlobalSection(ProjectConfigurationPlatforms) = postSolution
		{8425A3A5-AF8D-45C8-A0D4-75816EBE2BD2}.Debug|Any CPU.ActiveCfg = Debug|Any CPU
		{8425A3A5-AF8D-45C8-A0D4-75816EBE2BD2}.Debug|Any CPU.Build.0 = Debug|Any CPU
		{8425A3A5-AF8D-45C8-A0D4-75816EBE2BD2}.Release|Any CPU.ActiveCfg = Release|Any CPU
		{8425A3A5-AF8D-45C8-A0D4-75816EBE2BD2}.Release|Any CPU.Build.0 = Release|Any CPU
		{4EC94259-3ACB-4076-B0BA-330AB062FC86}.Debug|Any CPU.ActiveCfg = Debug|Any CPU
		{4EC94259-3ACB-4076-B0BA-330AB062FC86}.Debug|Any CPU.Build.0 = Debug|Any CPU
		{4EC94259-3ACB-4076-B0BA-330AB062FC86}.Release|Any CPU.ActiveCfg = Release|Any CPU
		{4EC94259-3ACB-4076-B0BA-330AB062FC86}.Release|Any CPU.Build.0 = Release|Any CPU
		{7ADDDC44-DC7D-4ECA-AEAA-C11CCFDA2DA2}.Debug|Any CPU.ActiveCfg = Debug|Any CPU
		{7ADDDC44-DC7D-4ECA-AEAA-C11CCFDA2DA2}.Debug|Any CPU.Build.0 = Debug|Any CPU
		{7ADDDC44-DC7D-4ECA-AEAA-C11CCFDA2DA2}.Release|Any CPU.ActiveCfg = Release|Any CPU
		{7ADDDC44-DC7D-4ECA-AEAA-C11CCFDA2DA2}.Release|Any CPU.Build.0 = Release|Any CPU
		{C29C36B8-B68A-4BE0-831A-41163400286D}.Debug|Any CPU.ActiveCfg = Debug|Any CPU
		{C29C36B8-B68A-4BE0-831A-41163400286D}.Debug|Any CPU.Build.0 = Debug|Any CPU
		{C29C36B8-B68A-4BE0-831A-41163400286D}.Release|Any CPU.ActiveCfg = Release|Any CPU
		{C29C36B8-B68A-4BE0-831A-41163400286D}.Release|Any CPU.Build.0 = Release|Any CPU
		{1056F476-90AE-4BC2-9F8C-E612782FA029}.Debug|Any CPU.ActiveCfg = Debug|Any CPU
		{1056F476-90AE-4BC2-9F8C-E612782FA029}.Debug|Any CPU.Build.0 = Debug|Any CPU
		{1056F476-90AE-4BC2-9F8C-E612782FA029}.Release|Any CPU.ActiveCfg = Release|Any CPU
		{1056F476-90AE-4BC2-9F8C-E612782FA029}.Release|Any CPU.Build.0 = Release|Any CPU
	EndGlobalSection
	GlobalSection(SolutionProperties) = preSolution
		HideSolutionNode = FALSE
	EndGlobalSection
	GlobalSection(ExtensibilityGlobals) = postSolution
		SolutionGuid = {107845CC-C34F-4ACA-89BA-34BDABE5C15A}
	EndGlobalSection
EndGlobal
